
Microsoft Visual Studio Solution File, Format Version 9.00
# Visual Studio 2005
Project("{8BC9CEB8-8B4A-11D0-8D11-00A0C91BC942}") = "xml-test", "xml-test\xml-test.vcproj", "{A3AB43C5-0061-4F14-9BEC-93280748B3EE}"
EndProject
Project("{8BC9CEB8-8B4A-11D0-8D11-00A0C91BC942}") = "shownetwork", "shownetwork\shownetwork.vcproj", "{BD2C80F8-DA0D-416F-A486-49144A29B037}"
EndProject
Global
	GlobalSection(SolutionConfigurationPlatforms) = preSolution
		Debug|Win32 = Debug|Win32
		Release|Win32 = Release|Win32
	EndGlobalSection
	GlobalSection(ProjectConfigurationPlatforms) = postSolution
		{A3AB43C5-0061-4F14-9BEC-93280748B3EE}.Debug|Win32.ActiveCfg = Debug|Win32
		{A3AB43C5-0061-4F14-9BEC-93280748B3EE}.Debug|Win32.Build.0 = Debug|Win32
		{A3AB43C5-0061-4F14-9BEC-93280748B3EE}.Release|Win32.ActiveCfg = Release|Win32
		{A3AB43C5-0061-4F14-9BEC-93280748B3EE}.Release|Win32.Build.0 = Release|Win32
		{BD2C80F8-DA0D-416F-A486-49144A29B037}.Debug|Win32.ActiveCfg = Debug|Win32
		{BD2C80F8-DA0D-416F-A486-49144A29B037}.Debug|Win32.Build.0 = Debug|Win32
		{BD2C80F8-DA0D-416F-A486-49144A29B037}.Release|Win32.ActiveCfg = Release|Win32
		{BD2C80F8-DA0D-416F-A486-49144A29B037}.Release|Win32.Build.0 = Release|Win32
	EndGlobalSection
	GlobalSection(SolutionProperties) = preSolution
		HideSolutionNode = FALSE
	EndGlobalSection
EndGlobal
